// !$*UTF8*$!
{
	archiveVersion = 1;
	classes = {
	};
	objectVersion = 55;
	objects = {

/* Begin PBXBuildFile section */
		6BB283F8295E1DA4009E1556 /* CoreDataShowsStore.swift in Sources */ = {isa = PBXBuildFile; fileRef = 6BB283F7295E1DA4009E1556 /* CoreDataShowsStore.swift */; };
		6BB283FA295E1E04009E1556 /* ShowsStore.swift in Sources */ = {isa = PBXBuildFile; fileRef = 6BB283F9295E1E04009E1556 /* ShowsStore.swift */; };
		6BB283FC295E1E32009E1556 /* LocalShow.swift in Sources */ = {isa = PBXBuildFile; fileRef = 6BB283FB295E1E32009E1556 /* LocalShow.swift */; };
		6BB283FF295E1F38009E1556 /* CoreDataHelpers.swift in Sources */ = {isa = PBXBuildFile; fileRef = 6BB283FE295E1F38009E1556 /* CoreDataHelpers.swift */; };
		6BB28402295E1F5D009E1556 /* ShowsStore.xcdatamodeld in Sources */ = {isa = PBXBuildFile; fileRef = 6BB28400295E1F5D009E1556 /* ShowsStore.xcdatamodeld */; };
		6BB28415295E2141009E1556 /* ManagedShow.swift in Sources */ = {isa = PBXBuildFile; fileRef = 6BB2840F295E2141009E1556 /* ManagedShow.swift */; };
		6BB28417295E2141009E1556 /* ManagedCache.swift in Sources */ = {isa = PBXBuildFile; fileRef = 6BB28411295E2141009E1556 /* ManagedCache.swift */; };
		6BB28419295E2141009E1556 /* ManagedShowImage.swift in Sources */ = {isa = PBXBuildFile; fileRef = 6BB28413295E2141009E1556 /* ManagedShowImage.swift */; };
		973D07102947610800716A9B /* ShowCellController.swift in Sources */ = {isa = PBXBuildFile; fileRef = 97AB4C0E29475999003761D9 /* ShowCellController.swift */; };
		977E106E2947618600D45E58 /* PopcornCore.framework in Frameworks */ = {isa = PBXBuildFile; fileRef = 97AB4B482942643C003761D9 /* PopcornCore.framework */; };
		977E106F2947618600D45E58 /* PopcornCore.framework in Embed Frameworks */ = {isa = PBXBuildFile; fileRef = 97AB4B482942643C003761D9 /* PopcornCore.framework */; settings = {ATTRIBUTES = (CodeSignOnCopy, RemoveHeadersOnCopy, ); }; };
		977E10742947626700D45E58 /* ShowsUIComposer.swift in Sources */ = {isa = PBXBuildFile; fileRef = 97AB4BE229474887003761D9 /* ShowsUIComposer.swift */; };
		977E10762947650000D45E58 /* ImageLoader.swift in Sources */ = {isa = PBXBuildFile; fileRef = 977E10752947650000D45E58 /* ImageLoader.swift */; };
		977E107B294782A000D45E58 /* String+Random.swift in Sources */ = {isa = PBXBuildFile; fileRef = 977E107A294782A000D45E58 /* String+Random.swift */; };
		977E107D29479C0F00D45E58 /* ImageLoaderTests.swift in Sources */ = {isa = PBXBuildFile; fileRef = 977E107C29479C0F00D45E58 /* ImageLoaderTests.swift */; };
		977E107F29479C2C00D45E58 /* HttpClientSpy.swift in Sources */ = {isa = PBXBuildFile; fileRef = 977E107E29479C2C00D45E58 /* HttpClientSpy.swift */; };
		977E10812947A0E300D45E58 /* ShowsViewControllerTests.swift in Sources */ = {isa = PBXBuildFile; fileRef = 977E10802947A0E300D45E58 /* ShowsViewControllerTests.swift */; };
		977E10832947A30B00D45E58 /* XCTestCase+MemoryLeakTracking.swift in Sources */ = {isa = PBXBuildFile; fileRef = 97AB4BD02945ED8B003761D9 /* XCTestCase+MemoryLeakTracking.swift */; };
		977E10852947A40600D45E58 /* LoaderSpy.swift in Sources */ = {isa = PBXBuildFile; fileRef = 977E10842947A40600D45E58 /* LoaderSpy.swift */; };
		977E10882947A46000D45E58 /* ShowsViewController+Helpers.swift in Sources */ = {isa = PBXBuildFile; fileRef = 977E10872947A46000D45E58 /* ShowsViewController+Helpers.swift */; };
		977E108B2947A4B900D45E58 /* UIButton+TestHelpers.swift in Sources */ = {isa = PBXBuildFile; fileRef = 977E108A2947A4B900D45E58 /* UIButton+TestHelpers.swift */; };
		977E108D2947A4CF00D45E58 /* UIControl+TestHelpers.swift in Sources */ = {isa = PBXBuildFile; fileRef = 977E108C2947A4CF00D45E58 /* UIControl+TestHelpers.swift */; };
		977E108F2947A4F300D45E58 /* UIImage+TestHelpers.swift in Sources */ = {isa = PBXBuildFile; fileRef = 977E108E2947A4F300D45E58 /* UIImage+TestHelpers.swift */; };
		977E10912947A50C00D45E58 /* UIRefreshControl+TestHelpers.swift in Sources */ = {isa = PBXBuildFile; fileRef = 977E10902947A50C00D45E58 /* UIRefreshControl+TestHelpers.swift */; };
		97AB4B302942639F003761D9 /* AppDelegate.swift in Sources */ = {isa = PBXBuildFile; fileRef = 97AB4B2F2942639F003761D9 /* AppDelegate.swift */; };
		97AB4B322942639F003761D9 /* SceneDelegate.swift in Sources */ = {isa = PBXBuildFile; fileRef = 97AB4B312942639F003761D9 /* SceneDelegate.swift */; };
		97AB4B39294263A0003761D9 /* Assets.xcassets in Resources */ = {isa = PBXBuildFile; fileRef = 97AB4B38294263A0003761D9 /* Assets.xcassets */; };
		97AB4B4E2942643C003761D9 /* PopcornCore.framework in Frameworks */ = {isa = PBXBuildFile; fileRef = 97AB4B482942643C003761D9 /* PopcornCore.framework */; };
		97AB4B4F2942643C003761D9 /* PopcornCore.framework in Embed Frameworks */ = {isa = PBXBuildFile; fileRef = 97AB4B482942643C003761D9 /* PopcornCore.framework */; settings = {ATTRIBUTES = (CodeSignOnCopy, RemoveHeadersOnCopy, ); }; };
		97AB4B7C294264EE003761D9 /* PopcornCore.framework in Frameworks */ = {isa = PBXBuildFile; fileRef = 97AB4B482942643C003761D9 /* PopcornCore.framework */; };
		97AB4B8429426A31003761D9 /* HttpClient.swift in Sources */ = {isa = PBXBuildFile; fileRef = 97AB4B8329426A31003761D9 /* HttpClient.swift */; };
		97AB4B8629426A6C003761D9 /* URLSessionHttpClient.swift in Sources */ = {isa = PBXBuildFile; fileRef = 97AB4B8529426A6C003761D9 /* URLSessionHttpClient.swift */; };
		97AB4B8829426AD3003761D9 /* URLSessionHTTPClientTests.swift in Sources */ = {isa = PBXBuildFile; fileRef = 97AB4B8729426AD3003761D9 /* URLSessionHTTPClientTests.swift */; };
		97AB4B8E294366FB003761D9 /* URLProtocolStub.swift in Sources */ = {isa = PBXBuildFile; fileRef = 97AB4B8D294366FB003761D9 /* URLProtocolStub.swift */; };
		97AB4B91294367A0003761D9 /* SharedTestHelpers.swift in Sources */ = {isa = PBXBuildFile; fileRef = 97AB4B90294367A0003761D9 /* SharedTestHelpers.swift */; };
		97AB4B9829437544003761D9 /* Show.swift in Sources */ = {isa = PBXBuildFile; fileRef = 97AB4B9729437544003761D9 /* Show.swift */; };
		97AB4B9C2943798C003761D9 /* ShowMapper.swift in Sources */ = {isa = PBXBuildFile; fileRef = 97AB4B9B2943798C003761D9 /* ShowMapper.swift */; };
		97AB4B9F29437AF1003761D9 /* HTTPURLResponse+StatusCode.swift in Sources */ = {isa = PBXBuildFile; fileRef = 97AB4B9E29437AF1003761D9 /* HTTPURLResponse+StatusCode.swift */; };
		97AB4BA129437BC1003761D9 /* ShowsMapperTests.swift in Sources */ = {isa = PBXBuildFile; fileRef = 97AB4BA029437BC1003761D9 /* ShowsMapperTests.swift */; };
		97AB4BA729438375003761D9 /* ShowImageDataMapper.swift in Sources */ = {isa = PBXBuildFile; fileRef = 97AB4BA629438375003761D9 /* ShowImageDataMapper.swift */; };
		97AB4BA9294383D8003761D9 /* ShowImageDataMapperTests.swift in Sources */ = {isa = PBXBuildFile; fileRef = 97AB4BA8294383D8003761D9 /* ShowImageDataMapperTests.swift */; };
		97AB4BAC29438486003761D9 /* ShowsPresenter.swift in Sources */ = {isa = PBXBuildFile; fileRef = 97AB4BAB29438486003761D9 /* ShowsPresenter.swift */; };
		97AB4BAF294384C3003761D9 /* Shows.strings in Resources */ = {isa = PBXBuildFile; fileRef = 97AB4BB1294384C3003761D9 /* Shows.strings */; };
		97AB4BB6294386FB003761D9 /* ShowViewModelMapper.swift in Sources */ = {isa = PBXBuildFile; fileRef = 97AB4BB5294386FB003761D9 /* ShowViewModelMapper.swift */; };
		97AB4BB829438720003761D9 /* ShowViewModel.swift in Sources */ = {isa = PBXBuildFile; fileRef = 97AB4BB729438720003761D9 /* ShowViewModel.swift */; };
		97AB4BBB2943885F003761D9 /* String+StripHTML.swift in Sources */ = {isa = PBXBuildFile; fileRef = 97AB4BBA2943885F003761D9 /* String+StripHTML.swift */; };
		97AB4BBE294389F2003761D9 /* ShowsLocalizationTests.swift in Sources */ = {isa = PBXBuildFile; fileRef = 97AB4BBD294389F2003761D9 /* ShowsLocalizationTests.swift */; };
		97AB4BC129438A79003761D9 /* SharedLocalizationHelpers.swift in Sources */ = {isa = PBXBuildFile; fileRef = 97AB4BC029438A79003761D9 /* SharedLocalizationHelpers.swift */; };
		97AB4BC329438AEC003761D9 /* ShowsPresenterTests.swift in Sources */ = {isa = PBXBuildFile; fileRef = 97AB4BC229438AEC003761D9 /* ShowsPresenterTests.swift */; };
		97AB4BC529438B61003761D9 /* ShowViewModelMapperTests.swift in Sources */ = {isa = PBXBuildFile; fileRef = 97AB4BC429438B61003761D9 /* ShowViewModelMapperTests.swift */; };
		97AB4BCB2944DE4A003761D9 /* RemoteShowLoader.swift in Sources */ = {isa = PBXBuildFile; fileRef = 97AB4BCA2944DE4A003761D9 /* RemoteShowLoader.swift */; };
		97AB4BCD2944DEA6003761D9 /* ShowsLoader.swift in Sources */ = {isa = PBXBuildFile; fileRef = 97AB4BCC2944DEA6003761D9 /* ShowsLoader.swift */; };
		97AB4BCF2944DFB4003761D9 /* RemoteShowLoaderTests.swift in Sources */ = {isa = PBXBuildFile; fileRef = 97AB4BCE2944DFB4003761D9 /* RemoteShowLoaderTests.swift */; };
		97AB4BD12945ED8B003761D9 /* XCTestCase+MemoryLeakTracking.swift in Sources */ = {isa = PBXBuildFile; fileRef = 97AB4BD02945ED8B003761D9 /* XCTestCase+MemoryLeakTracking.swift */; };
		97AB4BD32945F2A6003761D9 /* Shows API Test Helpers.swift in Sources */ = {isa = PBXBuildFile; fileRef = 97AB4BD22945F2A6003761D9 /* Shows API Test Helpers.swift */; };
		97AB4BF12947493F003761D9 /* PopcorniOS.framework in Frameworks */ = {isa = PBXBuildFile; fileRef = 97AB4BE92947493F003761D9 /* PopcorniOS.framework */; };
		97AB4BFC2947493F003761D9 /* PopcorniOS.framework in Frameworks */ = {isa = PBXBuildFile; fileRef = 97AB4BE92947493F003761D9 /* PopcorniOS.framework */; };
		97AB4BFD2947493F003761D9 /* PopcorniOS.framework in Embed Frameworks */ = {isa = PBXBuildFile; fileRef = 97AB4BE92947493F003761D9 /* PopcorniOS.framework */; settings = {ATTRIBUTES = (CodeSignOnCopy, RemoveHeadersOnCopy, ); }; };
		97AB4C0529474999003761D9 /* UITableView+Dequeueing.swift in Sources */ = {isa = PBXBuildFile; fileRef = 97AB4BD82945F54B003761D9 /* UITableView+Dequeueing.swift */; };
		97AB4C09294749B5003761D9 /* ShowCell.swift in Sources */ = {isa = PBXBuildFile; fileRef = 97AB4BC82944CF46003761D9 /* ShowCell.swift */; };
		97AB4C0D2947550B003761D9 /* ShowsViewController.swift in Sources */ = {isa = PBXBuildFile; fileRef = 97AB4C0C2947550B003761D9 /* ShowsViewController.swift */; };
		97AB4C1429475DEB003761D9 /* ShowRefreshViewController.swift in Sources */ = {isa = PBXBuildFile; fileRef = 97AB4C1329475DEB003761D9 /* ShowRefreshViewController.swift */; };
		97AB4C1529475F88003761D9 /* ImageDataLoader.swift in Sources */ = {isa = PBXBuildFile; fileRef = 97AB4C11294759F3003761D9 /* ImageDataLoader.swift */; };
/* End PBXBuildFile section */

/* Begin PBXContainerItemProxy section */
		977E10702947618600D45E58 /* PBXContainerItemProxy */ = {
			isa = PBXContainerItemProxy;
			containerPortal = 97AB4B242942639F003761D9 /* Project object */;
			proxyType = 1;
			remoteGlobalIDString = 97AB4B472942643C003761D9;
			remoteInfo = PopcornCore;
		};
		97AB4B4C2942643C003761D9 /* PBXContainerItemProxy */ = {
			isa = PBXContainerItemProxy;
			containerPortal = 97AB4B242942639F003761D9 /* Project object */;
			proxyType = 1;
			remoteGlobalIDString = 97AB4B472942643C003761D9;
			remoteInfo = PopcornCore;
		};
		97AB4B7D294264EE003761D9 /* PBXContainerItemProxy */ = {
			isa = PBXContainerItemProxy;
			containerPortal = 97AB4B242942639F003761D9 /* Project object */;
			proxyType = 1;
			remoteGlobalIDString = 97AB4B472942643C003761D9;
			remoteInfo = PopcornCore;
		};
		97AB4BF22947493F003761D9 /* PBXContainerItemProxy */ = {
			isa = PBXContainerItemProxy;
			containerPortal = 97AB4B242942639F003761D9 /* Project object */;
			proxyType = 1;
			remoteGlobalIDString = 97AB4BE82947493F003761D9;
			remoteInfo = PopcorniOS;
		};
		97AB4BF42947493F003761D9 /* PBXContainerItemProxy */ = {
			isa = PBXContainerItemProxy;
			containerPortal = 97AB4B242942639F003761D9 /* Project object */;
			proxyType = 1;
			remoteGlobalIDString = 97AB4B2B2942639F003761D9;
			remoteInfo = Popcorn;
		};
		97AB4BFA2947493F003761D9 /* PBXContainerItemProxy */ = {
			isa = PBXContainerItemProxy;
			containerPortal = 97AB4B242942639F003761D9 /* Project object */;
			proxyType = 1;
			remoteGlobalIDString = 97AB4BE82947493F003761D9;
			remoteInfo = PopcorniOS;
		};
/* End PBXContainerItemProxy section */

/* Begin PBXCopyFilesBuildPhase section */
		977E10722947618600D45E58 /* Embed Frameworks */ = {
			isa = PBXCopyFilesBuildPhase;
			buildActionMask = 2147483647;
			dstPath = "";
			dstSubfolderSpec = 10;
			files = (
				977E106F2947618600D45E58 /* PopcornCore.framework in Embed Frameworks */,
			);
			name = "Embed Frameworks";
			runOnlyForDeploymentPostprocessing = 0;
		};
		97AB4B532942643C003761D9 /* Embed Frameworks */ = {
			isa = PBXCopyFilesBuildPhase;
			buildActionMask = 2147483647;
			dstPath = "";
			dstSubfolderSpec = 10;
			files = (
				97AB4BFD2947493F003761D9 /* PopcorniOS.framework in Embed Frameworks */,
				97AB4B4F2942643C003761D9 /* PopcornCore.framework in Embed Frameworks */,
			);
			name = "Embed Frameworks";
			runOnlyForDeploymentPostprocessing = 0;
		};
/* End PBXCopyFilesBuildPhase section */

/* Begin PBXFileReference section */
		6BB283F7295E1DA4009E1556 /* CoreDataShowsStore.swift */ = {isa = PBXFileReference; lastKnownFileType = sourcecode.swift; path = CoreDataShowsStore.swift; sourceTree = "<group>"; };
		6BB283F9295E1E04009E1556 /* ShowsStore.swift */ = {isa = PBXFileReference; lastKnownFileType = sourcecode.swift; path = ShowsStore.swift; sourceTree = "<group>"; };
		6BB283FB295E1E32009E1556 /* LocalShow.swift */ = {isa = PBXFileReference; lastKnownFileType = sourcecode.swift; path = LocalShow.swift; sourceTree = "<group>"; };
		6BB283FE295E1F38009E1556 /* CoreDataHelpers.swift */ = {isa = PBXFileReference; lastKnownFileType = sourcecode.swift; path = CoreDataHelpers.swift; sourceTree = "<group>"; };
		6BB28401295E1F5D009E1556 /* ShowsStore.xcdatamodel */ = {isa = PBXFileReference; lastKnownFileType = wrapper.xcdatamodel; path = ShowsStore.xcdatamodel; sourceTree = "<group>"; };
		6BB2840F295E2141009E1556 /* ManagedShow.swift */ = {isa = PBXFileReference; lastKnownFileType = sourcecode.swift; path = ManagedShow.swift; sourceTree = "<group>"; };
		6BB28411295E2141009E1556 /* ManagedCache.swift */ = {isa = PBXFileReference; lastKnownFileType = sourcecode.swift; path = ManagedCache.swift; sourceTree = "<group>"; };
		6BB28413295E2141009E1556 /* ManagedShowImage.swift */ = {isa = PBXFileReference; lastKnownFileType = sourcecode.swift; path = ManagedShowImage.swift; sourceTree = "<group>"; };
		977E10752947650000D45E58 /* ImageLoader.swift */ = {isa = PBXFileReference; lastKnownFileType = sourcecode.swift; path = ImageLoader.swift; sourceTree = "<group>"; };
		977E107A294782A000D45E58 /* String+Random.swift */ = {isa = PBXFileReference; lastKnownFileType = sourcecode.swift; path = "String+Random.swift"; sourceTree = "<group>"; };
		977E107C29479C0F00D45E58 /* ImageLoaderTests.swift */ = {isa = PBXFileReference; lastKnownFileType = sourcecode.swift; path = ImageLoaderTests.swift; sourceTree = "<group>"; };
		977E107E29479C2C00D45E58 /* HttpClientSpy.swift */ = {isa = PBXFileReference; lastKnownFileType = sourcecode.swift; path = HttpClientSpy.swift; sourceTree = "<group>"; };
		977E10802947A0E300D45E58 /* ShowsViewControllerTests.swift */ = {isa = PBXFileReference; lastKnownFileType = sourcecode.swift; path = ShowsViewControllerTests.swift; sourceTree = "<group>"; };
		977E10842947A40600D45E58 /* LoaderSpy.swift */ = {isa = PBXFileReference; lastKnownFileType = sourcecode.swift; path = LoaderSpy.swift; sourceTree = "<group>"; };
		977E10872947A46000D45E58 /* ShowsViewController+Helpers.swift */ = {isa = PBXFileReference; lastKnownFileType = sourcecode.swift; path = "ShowsViewController+Helpers.swift"; sourceTree = "<group>"; };
		977E108A2947A4B900D45E58 /* UIButton+TestHelpers.swift */ = {isa = PBXFileReference; lastKnownFileType = sourcecode.swift; path = "UIButton+TestHelpers.swift"; sourceTree = "<group>"; };
		977E108C2947A4CF00D45E58 /* UIControl+TestHelpers.swift */ = {isa = PBXFileReference; lastKnownFileType = sourcecode.swift; path = "UIControl+TestHelpers.swift"; sourceTree = "<group>"; };
		977E108E2947A4F300D45E58 /* UIImage+TestHelpers.swift */ = {isa = PBXFileReference; lastKnownFileType = sourcecode.swift; path = "UIImage+TestHelpers.swift"; sourceTree = "<group>"; };
		977E10902947A50C00D45E58 /* UIRefreshControl+TestHelpers.swift */ = {isa = PBXFileReference; lastKnownFileType = sourcecode.swift; path = "UIRefreshControl+TestHelpers.swift"; sourceTree = "<group>"; };
		97AB4B2C2942639F003761D9 /* Popcorn.app */ = {isa = PBXFileReference; explicitFileType = wrapper.application; includeInIndex = 0; path = Popcorn.app; sourceTree = BUILT_PRODUCTS_DIR; };
		97AB4B2F2942639F003761D9 /* AppDelegate.swift */ = {isa = PBXFileReference; lastKnownFileType = sourcecode.swift; path = AppDelegate.swift; sourceTree = "<group>"; };
		97AB4B312942639F003761D9 /* SceneDelegate.swift */ = {isa = PBXFileReference; lastKnownFileType = sourcecode.swift; path = SceneDelegate.swift; sourceTree = "<group>"; };
		97AB4B38294263A0003761D9 /* Assets.xcassets */ = {isa = PBXFileReference; lastKnownFileType = folder.assetcatalog; path = Assets.xcassets; sourceTree = "<group>"; };
		97AB4B3D294263A0003761D9 /* Info.plist */ = {isa = PBXFileReference; lastKnownFileType = text.plist.xml; path = Info.plist; sourceTree = "<group>"; };
		97AB4B482942643C003761D9 /* PopcornCore.framework */ = {isa = PBXFileReference; explicitFileType = wrapper.framework; includeInIndex = 0; path = PopcornCore.framework; sourceTree = BUILT_PRODUCTS_DIR; };
		97AB4B78294264EE003761D9 /* PopcornCoreTests.xctest */ = {isa = PBXFileReference; explicitFileType = wrapper.cfbundle; includeInIndex = 0; path = PopcornCoreTests.xctest; sourceTree = BUILT_PRODUCTS_DIR; };
		97AB4B8329426A31003761D9 /* HttpClient.swift */ = {isa = PBXFileReference; lastKnownFileType = sourcecode.swift; path = HttpClient.swift; sourceTree = "<group>"; };
		97AB4B8529426A6C003761D9 /* URLSessionHttpClient.swift */ = {isa = PBXFileReference; lastKnownFileType = sourcecode.swift; path = URLSessionHttpClient.swift; sourceTree = "<group>"; };
		97AB4B8729426AD3003761D9 /* URLSessionHTTPClientTests.swift */ = {isa = PBXFileReference; lastKnownFileType = sourcecode.swift; path = URLSessionHTTPClientTests.swift; sourceTree = "<group>"; };
		97AB4B8D294366FB003761D9 /* URLProtocolStub.swift */ = {isa = PBXFileReference; lastKnownFileType = sourcecode.swift; path = URLProtocolStub.swift; sourceTree = "<group>"; };
		97AB4B90294367A0003761D9 /* SharedTestHelpers.swift */ = {isa = PBXFileReference; lastKnownFileType = sourcecode.swift; path = SharedTestHelpers.swift; sourceTree = "<group>"; };
		97AB4B9729437544003761D9 /* Show.swift */ = {isa = PBXFileReference; lastKnownFileType = sourcecode.swift; path = Show.swift; sourceTree = "<group>"; };
		97AB4B9B2943798C003761D9 /* ShowMapper.swift */ = {isa = PBXFileReference; lastKnownFileType = sourcecode.swift; path = ShowMapper.swift; sourceTree = "<group>"; };
		97AB4B9E29437AF1003761D9 /* HTTPURLResponse+StatusCode.swift */ = {isa = PBXFileReference; lastKnownFileType = sourcecode.swift; path = "HTTPURLResponse+StatusCode.swift"; sourceTree = "<group>"; };
		97AB4BA029437BC1003761D9 /* ShowsMapperTests.swift */ = {isa = PBXFileReference; lastKnownFileType = sourcecode.swift; path = ShowsMapperTests.swift; sourceTree = "<group>"; };
		97AB4BA629438375003761D9 /* ShowImageDataMapper.swift */ = {isa = PBXFileReference; lastKnownFileType = sourcecode.swift; path = ShowImageDataMapper.swift; sourceTree = "<group>"; };
		97AB4BA8294383D8003761D9 /* ShowImageDataMapperTests.swift */ = {isa = PBXFileReference; lastKnownFileType = sourcecode.swift; path = ShowImageDataMapperTests.swift; sourceTree = "<group>"; };
		97AB4BAB29438486003761D9 /* ShowsPresenter.swift */ = {isa = PBXFileReference; lastKnownFileType = sourcecode.swift; path = ShowsPresenter.swift; sourceTree = "<group>"; };
		97AB4BB0294384C3003761D9 /* en */ = {isa = PBXFileReference; lastKnownFileType = text.plist.strings; name = en; path = en.lproj/Shows.strings; sourceTree = "<group>"; };
		97AB4BB42943855E003761D9 /* pt-BR */ = {isa = PBXFileReference; lastKnownFileType = text.plist.strings; name = "pt-BR"; path = "pt-BR.lproj/Shows.strings"; sourceTree = "<group>"; };
		97AB4BB5294386FB003761D9 /* ShowViewModelMapper.swift */ = {isa = PBXFileReference; lastKnownFileType = sourcecode.swift; path = ShowViewModelMapper.swift; sourceTree = "<group>"; };
		97AB4BB729438720003761D9 /* ShowViewModel.swift */ = {isa = PBXFileReference; lastKnownFileType = sourcecode.swift; path = ShowViewModel.swift; sourceTree = "<group>"; };
		97AB4BBA2943885F003761D9 /* String+StripHTML.swift */ = {isa = PBXFileReference; lastKnownFileType = sourcecode.swift; path = "String+StripHTML.swift"; sourceTree = "<group>"; };
		97AB4BBD294389F2003761D9 /* ShowsLocalizationTests.swift */ = {isa = PBXFileReference; lastKnownFileType = sourcecode.swift; path = ShowsLocalizationTests.swift; sourceTree = "<group>"; };
		97AB4BC029438A79003761D9 /* SharedLocalizationHelpers.swift */ = {isa = PBXFileReference; lastKnownFileType = sourcecode.swift; path = SharedLocalizationHelpers.swift; sourceTree = "<group>"; };
		97AB4BC229438AEC003761D9 /* ShowsPresenterTests.swift */ = {isa = PBXFileReference; lastKnownFileType = sourcecode.swift; path = ShowsPresenterTests.swift; sourceTree = "<group>"; };
		97AB4BC429438B61003761D9 /* ShowViewModelMapperTests.swift */ = {isa = PBXFileReference; lastKnownFileType = sourcecode.swift; path = ShowViewModelMapperTests.swift; sourceTree = "<group>"; };
		97AB4BC82944CF46003761D9 /* ShowCell.swift */ = {isa = PBXFileReference; lastKnownFileType = sourcecode.swift; path = ShowCell.swift; sourceTree = "<group>"; };
		97AB4BCA2944DE4A003761D9 /* RemoteShowLoader.swift */ = {isa = PBXFileReference; lastKnownFileType = sourcecode.swift; path = RemoteShowLoader.swift; sourceTree = "<group>"; };
		97AB4BCC2944DEA6003761D9 /* ShowsLoader.swift */ = {isa = PBXFileReference; lastKnownFileType = sourcecode.swift; path = ShowsLoader.swift; sourceTree = "<group>"; };
		97AB4BCE2944DFB4003761D9 /* RemoteShowLoaderTests.swift */ = {isa = PBXFileReference; lastKnownFileType = sourcecode.swift; path = RemoteShowLoaderTests.swift; sourceTree = "<group>"; };
		97AB4BD02945ED8B003761D9 /* XCTestCase+MemoryLeakTracking.swift */ = {isa = PBXFileReference; lastKnownFileType = sourcecode.swift; path = "XCTestCase+MemoryLeakTracking.swift"; sourceTree = "<group>"; };
		97AB4BD22945F2A6003761D9 /* Shows API Test Helpers.swift */ = {isa = PBXFileReference; lastKnownFileType = sourcecode.swift; path = "Shows API Test Helpers.swift"; sourceTree = "<group>"; };
		97AB4BD82945F54B003761D9 /* UITableView+Dequeueing.swift */ = {isa = PBXFileReference; lastKnownFileType = sourcecode.swift; path = "UITableView+Dequeueing.swift"; sourceTree = "<group>"; };
		97AB4BE229474887003761D9 /* ShowsUIComposer.swift */ = {isa = PBXFileReference; lastKnownFileType = sourcecode.swift; path = ShowsUIComposer.swift; sourceTree = "<group>"; };
		97AB4BE92947493F003761D9 /* PopcorniOS.framework */ = {isa = PBXFileReference; explicitFileType = wrapper.framework; includeInIndex = 0; path = PopcorniOS.framework; sourceTree = BUILT_PRODUCTS_DIR; };
		97AB4BF02947493F003761D9 /* PopcorniOSTests.xctest */ = {isa = PBXFileReference; explicitFileType = wrapper.cfbundle; includeInIndex = 0; path = PopcorniOSTests.xctest; sourceTree = BUILT_PRODUCTS_DIR; };
		97AB4C0C2947550B003761D9 /* ShowsViewController.swift */ = {isa = PBXFileReference; lastKnownFileType = sourcecode.swift; path = ShowsViewController.swift; sourceTree = "<group>"; };
		97AB4C0E29475999003761D9 /* ShowCellController.swift */ = {isa = PBXFileReference; lastKnownFileType = sourcecode.swift; path = ShowCellController.swift; sourceTree = "<group>"; };
		97AB4C11294759F3003761D9 /* ImageDataLoader.swift */ = {isa = PBXFileReference; lastKnownFileType = sourcecode.swift; path = ImageDataLoader.swift; sourceTree = "<group>"; };
		97AB4C1329475DEB003761D9 /* ShowRefreshViewController.swift */ = {isa = PBXFileReference; lastKnownFileType = sourcecode.swift; path = ShowRefreshViewController.swift; sourceTree = "<group>"; };
/* End PBXFileReference section */

/* Begin PBXFrameworksBuildPhase section */
		97AB4B292942639F003761D9 /* Frameworks */ = {
			isa = PBXFrameworksBuildPhase;
			buildActionMask = 2147483647;
			files = (
				97AB4BFC2947493F003761D9 /* PopcorniOS.framework in Frameworks */,
				97AB4B4E2942643C003761D9 /* PopcornCore.framework in Frameworks */,
			);
			runOnlyForDeploymentPostprocessing = 0;
		};
		97AB4B452942643C003761D9 /* Frameworks */ = {
			isa = PBXFrameworksBuildPhase;
			buildActionMask = 2147483647;
			files = (
			);
			runOnlyForDeploymentPostprocessing = 0;
		};
		97AB4B75294264EE003761D9 /* Frameworks */ = {
			isa = PBXFrameworksBuildPhase;
			buildActionMask = 2147483647;
			files = (
				97AB4B7C294264EE003761D9 /* PopcornCore.framework in Frameworks */,
			);
			runOnlyForDeploymentPostprocessing = 0;
		};
		97AB4BE62947493F003761D9 /* Frameworks */ = {
			isa = PBXFrameworksBuildPhase;
			buildActionMask = 2147483647;
			files = (
				977E106E2947618600D45E58 /* PopcornCore.framework in Frameworks */,
			);
			runOnlyForDeploymentPostprocessing = 0;
		};
		97AB4BED2947493F003761D9 /* Frameworks */ = {
			isa = PBXFrameworksBuildPhase;
			buildActionMask = 2147483647;
			files = (
				97AB4BF12947493F003761D9 /* PopcorniOS.framework in Frameworks */,
			);
			runOnlyForDeploymentPostprocessing = 0;
		};
/* End PBXFrameworksBuildPhase section */

/* Begin PBXGroup section */
		6BB283F5295E1D38009E1556 /* Shows */ = {
			isa = PBXGroup;
			children = (
				6BB283F6295E1D64009E1556 /* Shows Database */,
				97AB4B9629437526003761D9 /* Shows Feature */,
				97AB4B8229426A1F003761D9 /* Shows API */,
				97AB4BAA2943846C003761D9 /* Shows Presentation */,
			);
			path = Shows;
			sourceTree = "<group>";
		};
		6BB283F6295E1D64009E1556 /* Shows Database */ = {
			isa = PBXGroup;
			children = (
				6BB283FD295E1E38009E1556 /* Infrastructure */,
				6BB283F9295E1E04009E1556 /* ShowsStore.swift */,
				6BB283FB295E1E32009E1556 /* LocalShow.swift */,
			);
			path = "Shows Database";
			sourceTree = "<group>";
		};
		6BB283FD295E1E38009E1556 /* Infrastructure */ = {
			isa = PBXGroup;
			children = (
				6BB28400295E1F5D009E1556 /* ShowsStore.xcdatamodeld */,
				6BB283F7295E1DA4009E1556 /* CoreDataShowsStore.swift */,
				6BB283FE295E1F38009E1556 /* CoreDataHelpers.swift */,
				6BB2841B295E2154009E1556 /* Managed Models */,
			);
			path = Infrastructure;
			sourceTree = "<group>";
		};
		6BB2841B295E2154009E1556 /* Managed Models */ = {
			isa = PBXGroup;
			children = (
				6BB2840F295E2141009E1556 /* ManagedShow.swift */,
				6BB28411295E2141009E1556 /* ManagedCache.swift */,
				6BB28413295E2141009E1556 /* ManagedShowImage.swift */,
			);
			path = "Managed Models";
			sourceTree = "<group>";
		};
		977E106D2947618600D45E58 /* Frameworks */ = {
			isa = PBXGroup;
			children = (
			);
			name = Frameworks;
			sourceTree = "<group>";
		};
		977E10732947625D00D45E58 /* Composers */ = {
			isa = PBXGroup;
			children = (
				97AB4BE229474887003761D9 /* ShowsUIComposer.swift */,
			);
			path = Composers;
			sourceTree = "<group>";
		};
		977E10772947828600D45E58 /* Random */ = {
			isa = PBXGroup;
			children = (
				977E107A294782A000D45E58 /* String+Random.swift */,
			);
			path = Random;
			sourceTree = "<group>";
		};
		977E10822947A1E100D45E58 /* Shows UI */ = {
			isa = PBXGroup;
			children = (
				977E10862947A44200D45E58 /* Test Helpers */,
				977E10842947A40600D45E58 /* LoaderSpy.swift */,
				977E10802947A0E300D45E58 /* ShowsViewControllerTests.swift */,
			);
			path = "Shows UI";
			sourceTree = "<group>";
		};
		977E10862947A44200D45E58 /* Test Helpers */ = {
			isa = PBXGroup;
			children = (
				977E10872947A46000D45E58 /* ShowsViewController+Helpers.swift */,
			);
			path = "Test Helpers";
			sourceTree = "<group>";
		};
		977E10892947A4A000D45E58 /* Test Helpers */ = {
			isa = PBXGroup;
			children = (
				977E108A2947A4B900D45E58 /* UIButton+TestHelpers.swift */,
				977E108C2947A4CF00D45E58 /* UIControl+TestHelpers.swift */,
				977E108E2947A4F300D45E58 /* UIImage+TestHelpers.swift */,
				977E10902947A50C00D45E58 /* UIRefreshControl+TestHelpers.swift */,
			);
			path = "Test Helpers";
			sourceTree = "<group>";
		};
		97AB4B232942639F003761D9 = {
			isa = PBXGroup;
			children = (
				97AB4B492942643C003761D9 /* PopcornCore */,
				97AB4B79294264EE003761D9 /* PopcornCoreTests */,
				97AB4BEA2947493F003761D9 /* PopcorniOS */,
				97AB4BF62947493F003761D9 /* PopcorniOSTests */,
				97AB4B2E2942639F003761D9 /* Popcorn */,
				97AB4B2D2942639F003761D9 /* Products */,
				977E106D2947618600D45E58 /* Frameworks */,
			);
			sourceTree = "<group>";
		};
		97AB4B2D2942639F003761D9 /* Products */ = {
			isa = PBXGroup;
			children = (
				97AB4B2C2942639F003761D9 /* Popcorn.app */,
				97AB4B482942643C003761D9 /* PopcornCore.framework */,
				97AB4B78294264EE003761D9 /* PopcornCoreTests.xctest */,
				97AB4BE92947493F003761D9 /* PopcorniOS.framework */,
				97AB4BF02947493F003761D9 /* PopcorniOSTests.xctest */,
			);
			name = Products;
			sourceTree = "<group>";
		};
		97AB4B2E2942639F003761D9 /* Popcorn */ = {
			isa = PBXGroup;
			children = (
				97AB4B2F2942639F003761D9 /* AppDelegate.swift */,
				97AB4B312942639F003761D9 /* SceneDelegate.swift */,
				97AB4B38294263A0003761D9 /* Assets.xcassets */,
				97AB4B3D294263A0003761D9 /* Info.plist */,
			);
			path = Popcorn;
			sourceTree = "<group>";
		};
		97AB4B492942643C003761D9 /* PopcornCore */ = {
			isa = PBXGroup;
			children = (
				97AB4B95294373F4003761D9 /* Shared API */,
				6BB283F5295E1D38009E1556 /* Shows */,
			);
			path = PopcornCore;
			sourceTree = "<group>";
		};
		97AB4B79294264EE003761D9 /* PopcornCoreTests */ = {
			isa = PBXGroup;
			children = (
				97AB4BBF29438A60003761D9 /* Shared Localization Helpers */,
				97AB4B8F29436709003761D9 /* Shared API Helpers */,
				97AB4B93294373DF003761D9 /* Shared API Tests */,
				97AB4B9229436991003761D9 /* Shows API */,
				97AB4BBC294389D8003761D9 /* ShowsPresentation */,
			);
			path = PopcornCoreTests;
			sourceTree = "<group>";
		};
		97AB4B8229426A1F003761D9 /* Shows API */ = {
			isa = PBXGroup;
			children = (
				97AB4B9D29437AD5003761D9 /* Helpers */,
				97AB4B9B2943798C003761D9 /* ShowMapper.swift */,
				97AB4BA629438375003761D9 /* ShowImageDataMapper.swift */,
				97AB4BCA2944DE4A003761D9 /* RemoteShowLoader.swift */,
			);
			path = "Shows API";
			sourceTree = "<group>";
		};
		97AB4B8F29436709003761D9 /* Shared API Helpers */ = {
			isa = PBXGroup;
			children = (
				977E10772947828600D45E58 /* Random */,
				97AB4B8D294366FB003761D9 /* URLProtocolStub.swift */,
				97AB4B90294367A0003761D9 /* SharedTestHelpers.swift */,
				97AB4BD02945ED8B003761D9 /* XCTestCase+MemoryLeakTracking.swift */,
				977E107E29479C2C00D45E58 /* HttpClientSpy.swift */,
			);
			path = "Shared API Helpers";
			sourceTree = "<group>";
		};
		97AB4B9229436991003761D9 /* Shows API */ = {
			isa = PBXGroup;
			children = (
				97AB4BD22945F2A6003761D9 /* Shows API Test Helpers.swift */,
				97AB4BA029437BC1003761D9 /* ShowsMapperTests.swift */,
				97AB4BA8294383D8003761D9 /* ShowImageDataMapperTests.swift */,
				97AB4BCE2944DFB4003761D9 /* RemoteShowLoaderTests.swift */,
			);
			path = "Shows API";
			sourceTree = "<group>";
		};
		97AB4B93294373DF003761D9 /* Shared API Tests */ = {
			isa = PBXGroup;
			children = (
				97AB4B8729426AD3003761D9 /* URLSessionHTTPClientTests.swift */,
				977E107C29479C0F00D45E58 /* ImageLoaderTests.swift */,
			);
			path = "Shared API Tests";
			sourceTree = "<group>";
		};
		97AB4B95294373F4003761D9 /* Shared API */ = {
			isa = PBXGroup;
			children = (
				97AB4B8329426A31003761D9 /* HttpClient.swift */,
				97AB4B8529426A6C003761D9 /* URLSessionHttpClient.swift */,
				97AB4C11294759F3003761D9 /* ImageDataLoader.swift */,
				977E10752947650000D45E58 /* ImageLoader.swift */,
			);
			path = "Shared API";
			sourceTree = "<group>";
		};
		97AB4B9629437526003761D9 /* Shows Feature */ = {
			isa = PBXGroup;
			children = (
				97AB4B9729437544003761D9 /* Show.swift */,
				97AB4BCC2944DEA6003761D9 /* ShowsLoader.swift */,
			);
			path = "Shows Feature";
			sourceTree = "<group>";
		};
		97AB4B9D29437AD5003761D9 /* Helpers */ = {
			isa = PBXGroup;
			children = (
				97AB4B9E29437AF1003761D9 /* HTTPURLResponse+StatusCode.swift */,
			);
			path = Helpers;
			sourceTree = "<group>";
		};
		97AB4BAA2943846C003761D9 /* Shows Presentation */ = {
			isa = PBXGroup;
			children = (
				97AB4BB92943884C003761D9 /* Helpers */,
				97AB4BAB29438486003761D9 /* ShowsPresenter.swift */,
				97AB4BB729438720003761D9 /* ShowViewModel.swift */,
				97AB4BB5294386FB003761D9 /* ShowViewModelMapper.swift */,
				97AB4BB1294384C3003761D9 /* Shows.strings */,
			);
			path = "Shows Presentation";
			sourceTree = "<group>";
		};
		97AB4BB92943884C003761D9 /* Helpers */ = {
			isa = PBXGroup;
			children = (
				97AB4BBA2943885F003761D9 /* String+StripHTML.swift */,
			);
			path = Helpers;
			sourceTree = "<group>";
		};
		97AB4BBC294389D8003761D9 /* ShowsPresentation */ = {
			isa = PBXGroup;
			children = (
				97AB4BBD294389F2003761D9 /* ShowsLocalizationTests.swift */,
				97AB4BC229438AEC003761D9 /* ShowsPresenterTests.swift */,
				97AB4BC429438B61003761D9 /* ShowViewModelMapperTests.swift */,
			);
			path = ShowsPresentation;
			sourceTree = "<group>";
		};
		97AB4BBF29438A60003761D9 /* Shared Localization Helpers */ = {
			isa = PBXGroup;
			children = (
				97AB4BC029438A79003761D9 /* SharedLocalizationHelpers.swift */,
			);
			path = "Shared Localization Helpers";
			sourceTree = "<group>";
		};
		97AB4BC62944C6B8003761D9 /* Views */ = {
			isa = PBXGroup;
			children = (
				97AB4BC72944C6C4003761D9 /* Cells */,
			);
			path = Views;
			sourceTree = "<group>";
		};
		97AB4BC72944C6C4003761D9 /* Cells */ = {
			isa = PBXGroup;
			children = (
				97AB4BC82944CF46003761D9 /* ShowCell.swift */,
			);
			path = Cells;
			sourceTree = "<group>";
		};
		97AB4BD42945F438003761D9 /* Controllers */ = {
			isa = PBXGroup;
			children = (
				97AB4C1329475DEB003761D9 /* ShowRefreshViewController.swift */,
				97AB4C0C2947550B003761D9 /* ShowsViewController.swift */,
				97AB4C0E29475999003761D9 /* ShowCellController.swift */,
			);
			path = Controllers;
			sourceTree = "<group>";
		};
		97AB4BDA2945F563003761D9 /* Shows UI */ = {
			isa = PBXGroup;
			children = (
				977E10732947625D00D45E58 /* Composers */,
				97AB4BD42945F438003761D9 /* Controllers */,
				97AB4BC62944C6B8003761D9 /* Views */,
			);
			path = "Shows UI";
			sourceTree = "<group>";
		};
		97AB4BEA2947493F003761D9 /* PopcorniOS */ = {
			isa = PBXGroup;
			children = (
				97AB4C042947496F003761D9 /* Helpers */,
				97AB4BDA2945F563003761D9 /* Shows UI */,
			);
			path = PopcorniOS;
			sourceTree = "<group>";
		};
		97AB4BF62947493F003761D9 /* PopcorniOSTests */ = {
			isa = PBXGroup;
			children = (
				977E10892947A4A000D45E58 /* Test Helpers */,
				977E10822947A1E100D45E58 /* Shows UI */,
			);
			path = PopcorniOSTests;
			sourceTree = "<group>";
		};
		97AB4C042947496F003761D9 /* Helpers */ = {
			isa = PBXGroup;
			children = (
				97AB4BD82945F54B003761D9 /* UITableView+Dequeueing.swift */,
			);
			path = Helpers;
			sourceTree = "<group>";
		};
/* End PBXGroup section */

/* Begin PBXHeadersBuildPhase section */
		97AB4B432942643C003761D9 /* Headers */ = {
			isa = PBXHeadersBuildPhase;
			buildActionMask = 2147483647;
			files = (
			);
			runOnlyForDeploymentPostprocessing = 0;
		};
		97AB4BE42947493F003761D9 /* Headers */ = {
			isa = PBXHeadersBuildPhase;
			buildActionMask = 2147483647;
			files = (
			);
			runOnlyForDeploymentPostprocessing = 0;
		};
/* End PBXHeadersBuildPhase section */

/* Begin PBXNativeTarget section */
		97AB4B2B2942639F003761D9 /* Popcorn */ = {
			isa = PBXNativeTarget;
			buildConfigurationList = 97AB4B40294263A1003761D9 /* Build configuration list for PBXNativeTarget "Popcorn" */;
			buildPhases = (
				97AB4B282942639F003761D9 /* Sources */,
				97AB4B292942639F003761D9 /* Frameworks */,
				97AB4B2A2942639F003761D9 /* Resources */,
				97AB4B532942643C003761D9 /* Embed Frameworks */,
			);
			buildRules = (
			);
			dependencies = (
				97AB4B4D2942643C003761D9 /* PBXTargetDependency */,
				97AB4BFB2947493F003761D9 /* PBXTargetDependency */,
			);
			name = Popcorn;
			productName = Popcorn;
			productReference = 97AB4B2C2942639F003761D9 /* Popcorn.app */;
			productType = "com.apple.product-type.application";
		};
		97AB4B472942643C003761D9 /* PopcornCore */ = {
			isa = PBXNativeTarget;
			buildConfigurationList = 97AB4B502942643C003761D9 /* Build configuration list for PBXNativeTarget "PopcornCore" */;
			buildPhases = (
				97AB4B432942643C003761D9 /* Headers */,
				97AB4B442942643C003761D9 /* Sources */,
				97AB4B452942643C003761D9 /* Frameworks */,
				97AB4B462942643C003761D9 /* Resources */,
			);
			buildRules = (
			);
			dependencies = (
			);
			name = PopcornCore;
			productName = PopcornCore;
			productReference = 97AB4B482942643C003761D9 /* PopcornCore.framework */;
			productType = "com.apple.product-type.framework";
		};
		97AB4B77294264EE003761D9 /* PopcornCoreTests */ = {
			isa = PBXNativeTarget;
			buildConfigurationList = 97AB4B7F294264EE003761D9 /* Build configuration list for PBXNativeTarget "PopcornCoreTests" */;
			buildPhases = (
				97AB4B74294264EE003761D9 /* Sources */,
				97AB4B75294264EE003761D9 /* Frameworks */,
				97AB4B76294264EE003761D9 /* Resources */,
			);
			buildRules = (
			);
			dependencies = (
				97AB4B7E294264EE003761D9 /* PBXTargetDependency */,
			);
			name = PopcornCoreTests;
			productName = PopcornCoreTests;
			productReference = 97AB4B78294264EE003761D9 /* PopcornCoreTests.xctest */;
			productType = "com.apple.product-type.bundle.unit-test";
		};
		97AB4BE82947493F003761D9 /* PopcorniOS */ = {
			isa = PBXNativeTarget;
			buildConfigurationList = 97AB4BFE2947493F003761D9 /* Build configuration list for PBXNativeTarget "PopcorniOS" */;
			buildPhases = (
				97AB4BE42947493F003761D9 /* Headers */,
				97AB4BE52947493F003761D9 /* Sources */,
				97AB4BE62947493F003761D9 /* Frameworks */,
				97AB4BE72947493F003761D9 /* Resources */,
				977E10722947618600D45E58 /* Embed Frameworks */,
			);
			buildRules = (
			);
			dependencies = (
				977E10712947618600D45E58 /* PBXTargetDependency */,
			);
			name = PopcorniOS;
			productName = PopcorniOS;
			productReference = 97AB4BE92947493F003761D9 /* PopcorniOS.framework */;
			productType = "com.apple.product-type.framework";
		};
		97AB4BEF2947493F003761D9 /* PopcorniOSTests */ = {
			isa = PBXNativeTarget;
			buildConfigurationList = 97AB4C012947493F003761D9 /* Build configuration list for PBXNativeTarget "PopcorniOSTests" */;
			buildPhases = (
				97AB4BEC2947493F003761D9 /* Sources */,
				97AB4BED2947493F003761D9 /* Frameworks */,
				97AB4BEE2947493F003761D9 /* Resources */,
			);
			buildRules = (
			);
			dependencies = (
				97AB4BF32947493F003761D9 /* PBXTargetDependency */,
				97AB4BF52947493F003761D9 /* PBXTargetDependency */,
			);
			name = PopcorniOSTests;
			productName = PopcorniOSTests;
			productReference = 97AB4BF02947493F003761D9 /* PopcorniOSTests.xctest */;
			productType = "com.apple.product-type.bundle.unit-test";
		};
/* End PBXNativeTarget section */

/* Begin PBXProject section */
		97AB4B242942639F003761D9 /* Project object */ = {
			isa = PBXProject;
			attributes = {
				BuildIndependentTargetsInParallel = 1;
				LastSwiftUpdateCheck = 1320;
				LastUpgradeCheck = 1320;
				TargetAttributes = {
					97AB4B2B2942639F003761D9 = {
						CreatedOnToolsVersion = 13.2.1;
					};
					97AB4B472942643C003761D9 = {
						CreatedOnToolsVersion = 13.2.1;
						LastSwiftMigration = 1320;
					};
					97AB4B77294264EE003761D9 = {
						CreatedOnToolsVersion = 13.2.1;
						LastSwiftMigration = 1320;
					};
					97AB4BE82947493F003761D9 = {
						CreatedOnToolsVersion = 13.2.1;
					};
					97AB4BEF2947493F003761D9 = {
						CreatedOnToolsVersion = 13.2.1;
						LastSwiftMigration = 1320;
						TestTargetID = 97AB4B2B2942639F003761D9;
					};
				};
			};
			buildConfigurationList = 97AB4B272942639F003761D9 /* Build configuration list for PBXProject "Popcorn" */;
			compatibilityVersion = "Xcode 13.0";
			developmentRegion = en;
			hasScannedForEncodings = 0;
			knownRegions = (
				en,
				Base,
				"pt-BR",
			);
			mainGroup = 97AB4B232942639F003761D9;
			productRefGroup = 97AB4B2D2942639F003761D9 /* Products */;
			projectDirPath = "";
			projectRoot = "";
			targets = (
				97AB4B2B2942639F003761D9 /* Popcorn */,
				97AB4B472942643C003761D9 /* PopcornCore */,
				97AB4B77294264EE003761D9 /* PopcornCoreTests */,
				97AB4BE82947493F003761D9 /* PopcorniOS */,
				97AB4BEF2947493F003761D9 /* PopcorniOSTests */,
			);
		};
/* End PBXProject section */

/* Begin PBXResourcesBuildPhase section */
		97AB4B2A2942639F003761D9 /* Resources */ = {
			isa = PBXResourcesBuildPhase;
			buildActionMask = 2147483647;
			files = (
				97AB4B39294263A0003761D9 /* Assets.xcassets in Resources */,
			);
			runOnlyForDeploymentPostprocessing = 0;
		};
		97AB4B462942643C003761D9 /* Resources */ = {
			isa = PBXResourcesBuildPhase;
			buildActionMask = 2147483647;
			files = (
				97AB4BAF294384C3003761D9 /* Shows.strings in Resources */,
			);
			runOnlyForDeploymentPostprocessing = 0;
		};
		97AB4B76294264EE003761D9 /* Resources */ = {
			isa = PBXResourcesBuildPhase;
			buildActionMask = 2147483647;
			files = (
			);
			runOnlyForDeploymentPostprocessing = 0;
		};
		97AB4BE72947493F003761D9 /* Resources */ = {
			isa = PBXResourcesBuildPhase;
			buildActionMask = 2147483647;
			files = (
			);
			runOnlyForDeploymentPostprocessing = 0;
		};
		97AB4BEE2947493F003761D9 /* Resources */ = {
			isa = PBXResourcesBuildPhase;
			buildActionMask = 2147483647;
			files = (
			);
			runOnlyForDeploymentPostprocessing = 0;
		};
/* End PBXResourcesBuildPhase section */

/* Begin PBXSourcesBuildPhase section */
		97AB4B282942639F003761D9 /* Sources */ = {
			isa = PBXSourcesBuildPhase;
			buildActionMask = 2147483647;
			files = (
				97AB4B302942639F003761D9 /* AppDelegate.swift in Sources */,
				97AB4B322942639F003761D9 /* SceneDelegate.swift in Sources */,
			);
			runOnlyForDeploymentPostprocessing = 0;
		};
		97AB4B442942643C003761D9 /* Sources */ = {
			isa = PBXSourcesBuildPhase;
			buildActionMask = 2147483647;
			files = (
				97AB4C1529475F88003761D9 /* ImageDataLoader.swift in Sources */,
				6BB283FA295E1E04009E1556 /* ShowsStore.swift in Sources */,
				97AB4B9829437544003761D9 /* Show.swift in Sources */,
				977E10762947650000D45E58 /* ImageLoader.swift in Sources */,
				6BB28417295E2141009E1556 /* ManagedCache.swift in Sources */,
				97AB4BB6294386FB003761D9 /* ShowViewModelMapper.swift in Sources */,
				97AB4BA729438375003761D9 /* ShowImageDataMapper.swift in Sources */,
				6BB283FF295E1F38009E1556 /* CoreDataHelpers.swift in Sources */,
				97AB4B9C2943798C003761D9 /* ShowMapper.swift in Sources */,
				97AB4B8429426A31003761D9 /* HttpClient.swift in Sources */,
				6BB283F8295E1DA4009E1556 /* CoreDataShowsStore.swift in Sources */,
				6BB28402295E1F5D009E1556 /* ShowsStore.xcdatamodeld in Sources */,
				6BB28419295E2141009E1556 /* ManagedShowImage.swift in Sources */,
				97AB4BCD2944DEA6003761D9 /* ShowsLoader.swift in Sources */,
				6BB28415295E2141009E1556 /* ManagedShow.swift in Sources */,
				97AB4BAC29438486003761D9 /* ShowsPresenter.swift in Sources */,
				97AB4BB829438720003761D9 /* ShowViewModel.swift in Sources */,
				97AB4B9F29437AF1003761D9 /* HTTPURLResponse+StatusCode.swift in Sources */,
				97AB4BBB2943885F003761D9 /* String+StripHTML.swift in Sources */,
				97AB4BCB2944DE4A003761D9 /* RemoteShowLoader.swift in Sources */,
				6BB283FC295E1E32009E1556 /* LocalShow.swift in Sources */,
				97AB4B8629426A6C003761D9 /* URLSessionHttpClient.swift in Sources */,
			);
			runOnlyForDeploymentPostprocessing = 0;
		};
		97AB4B74294264EE003761D9 /* Sources */ = {
			isa = PBXSourcesBuildPhase;
			buildActionMask = 2147483647;
			files = (
				97AB4BD12945ED8B003761D9 /* XCTestCase+MemoryLeakTracking.swift in Sources */,
				97AB4BC129438A79003761D9 /* SharedLocalizationHelpers.swift in Sources */,
				977E107D29479C0F00D45E58 /* ImageLoaderTests.swift in Sources */,
				97AB4BA9294383D8003761D9 /* ShowImageDataMapperTests.swift in Sources */,
				97AB4BC529438B61003761D9 /* ShowViewModelMapperTests.swift in Sources */,
				97AB4BBE294389F2003761D9 /* ShowsLocalizationTests.swift in Sources */,
				97AB4BC329438AEC003761D9 /* ShowsPresenterTests.swift in Sources */,
				977E107F29479C2C00D45E58 /* HttpClientSpy.swift in Sources */,
				97AB4BA129437BC1003761D9 /* ShowsMapperTests.swift in Sources */,
				97AB4B8829426AD3003761D9 /* URLSessionHTTPClientTests.swift in Sources */,
				977E107B294782A000D45E58 /* String+Random.swift in Sources */,
				97AB4BD32945F2A6003761D9 /* Shows API Test Helpers.swift in Sources */,
				97AB4BCF2944DFB4003761D9 /* RemoteShowLoaderTests.swift in Sources */,
				97AB4B8E294366FB003761D9 /* URLProtocolStub.swift in Sources */,
				97AB4B91294367A0003761D9 /* SharedTestHelpers.swift in Sources */,
			);
			runOnlyForDeploymentPostprocessing = 0;
		};
		97AB4BE52947493F003761D9 /* Sources */ = {
			isa = PBXSourcesBuildPhase;
			buildActionMask = 2147483647;
			files = (
				97AB4C1429475DEB003761D9 /* ShowRefreshViewController.swift in Sources */,
				97AB4C09294749B5003761D9 /* ShowCell.swift in Sources */,
				977E10742947626700D45E58 /* ShowsUIComposer.swift in Sources */,
				973D07102947610800716A9B /* ShowCellController.swift in Sources */,
				97AB4C0529474999003761D9 /* UITableView+Dequeueing.swift in Sources */,
				97AB4C0D2947550B003761D9 /* ShowsViewController.swift in Sources */,
			);
			runOnlyForDeploymentPostprocessing = 0;
		};
		97AB4BEC2947493F003761D9 /* Sources */ = {
			isa = PBXSourcesBuildPhase;
			buildActionMask = 2147483647;
			files = (
				977E10852947A40600D45E58 /* LoaderSpy.swift in Sources */,
				977E108B2947A4B900D45E58 /* UIButton+TestHelpers.swift in Sources */,
				977E10812947A0E300D45E58 /* ShowsViewControllerTests.swift in Sources */,
				977E108F2947A4F300D45E58 /* UIImage+TestHelpers.swift in Sources */,
				977E108D2947A4CF00D45E58 /* UIControl+TestHelpers.swift in Sources */,
				977E10912947A50C00D45E58 /* UIRefreshControl+TestHelpers.swift in Sources */,
				977E10832947A30B00D45E58 /* XCTestCase+MemoryLeakTracking.swift in Sources */,
				977E10882947A46000D45E58 /* ShowsViewController+Helpers.swift in Sources */,
			);
			runOnlyForDeploymentPostprocessing = 0;
		};
/* End PBXSourcesBuildPhase section */

/* Begin PBXTargetDependency section */
		977E10712947618600D45E58 /* PBXTargetDependency */ = {
			isa = PBXTargetDependency;
			target = 97AB4B472942643C003761D9 /* PopcornCore */;
			targetProxy = 977E10702947618600D45E58 /* PBXContainerItemProxy */;
		};
		97AB4B4D2942643C003761D9 /* PBXTargetDependency */ = {
			isa = PBXTargetDependency;
			target = 97AB4B472942643C003761D9 /* PopcornCore */;
			targetProxy = 97AB4B4C2942643C003761D9 /* PBXContainerItemProxy */;
		};
		97AB4B7E294264EE003761D9 /* PBXTargetDependency */ = {
			isa = PBXTargetDependency;
			target = 97AB4B472942643C003761D9 /* PopcornCore */;
			targetProxy = 97AB4B7D294264EE003761D9 /* PBXContainerItemProxy */;
		};
		97AB4BF32947493F003761D9 /* PBXTargetDependency */ = {
			isa = PBXTargetDependency;
			target = 97AB4BE82947493F003761D9 /* PopcorniOS */;
			targetProxy = 97AB4BF22947493F003761D9 /* PBXContainerItemProxy */;
		};
		97AB4BF52947493F003761D9 /* PBXTargetDependency */ = {
			isa = PBXTargetDependency;
			target = 97AB4B2B2942639F003761D9 /* Popcorn */;
			targetProxy = 97AB4BF42947493F003761D9 /* PBXContainerItemProxy */;
		};
		97AB4BFB2947493F003761D9 /* PBXTargetDependency */ = {
			isa = PBXTargetDependency;
			target = 97AB4BE82947493F003761D9 /* PopcorniOS */;
			targetProxy = 97AB4BFA2947493F003761D9 /* PBXContainerItemProxy */;
		};
/* End PBXTargetDependency section */

/* Begin PBXVariantGroup section */
		97AB4BB1294384C3003761D9 /* Shows.strings */ = {
			isa = PBXVariantGroup;
			children = (
				97AB4BB0294384C3003761D9 /* en */,
				97AB4BB42943855E003761D9 /* pt-BR */,
			);
			name = Shows.strings;
			sourceTree = "<group>";
		};
/* End PBXVariantGroup section */

/* Begin XCBuildConfiguration section */
		97AB4B3E294263A1003761D9 /* Debug */ = {
			isa = XCBuildConfiguration;
			buildSettings = {
				ALWAYS_SEARCH_USER_PATHS = NO;
				CLANG_ANALYZER_LOCALIZABILITY_NONLOCALIZED = YES;
				CLANG_ANALYZER_NONNULL = YES;
				CLANG_ANALYZER_NUMBER_OBJECT_CONVERSION = YES_AGGRESSIVE;
				CLANG_CXX_LANGUAGE_STANDARD = "gnu++17";
				CLANG_CXX_LIBRARY = "libc++";
				CLANG_ENABLE_MODULES = YES;
				CLANG_ENABLE_OBJC_ARC = YES;
				CLANG_ENABLE_OBJC_WEAK = YES;
				CLANG_WARN_BLOCK_CAPTURE_AUTORELEASING = YES;
				CLANG_WARN_BOOL_CONVERSION = YES;
				CLANG_WARN_COMMA = YES;
				CLANG_WARN_CONSTANT_CONVERSION = YES;
				CLANG_WARN_DEPRECATED_OBJC_IMPLEMENTATIONS = YES;
				CLANG_WARN_DIRECT_OBJC_ISA_USAGE = YES_ERROR;
				CLANG_WARN_DOCUMENTATION_COMMENTS = YES;
				CLANG_WARN_EMPTY_BODY = YES;
				CLANG_WARN_ENUM_CONVERSION = YES;
				CLANG_WARN_INFINITE_RECURSION = YES;
				CLANG_WARN_INT_CONVERSION = YES;
				CLANG_WARN_NON_LITERAL_NULL_CONVERSION = YES;
				CLANG_WARN_OBJC_IMPLICIT_RETAIN_SELF = YES;
				CLANG_WARN_OBJC_LITERAL_CONVERSION = YES;
				CLANG_WARN_OBJC_ROOT_CLASS = YES_ERROR;
				CLANG_WARN_QUOTED_INCLUDE_IN_FRAMEWORK_HEADER = YES;
				CLANG_WARN_RANGE_LOOP_ANALYSIS = YES;
				CLANG_WARN_STRICT_PROTOTYPES = YES;
				CLANG_WARN_SUSPICIOUS_MOVE = YES;
				CLANG_WARN_UNGUARDED_AVAILABILITY = YES_AGGRESSIVE;
				CLANG_WARN_UNREACHABLE_CODE = YES;
				CLANG_WARN__DUPLICATE_METHOD_MATCH = YES;
				COPY_PHASE_STRIP = NO;
				DEBUG_INFORMATION_FORMAT = dwarf;
				ENABLE_STRICT_OBJC_MSGSEND = YES;
				ENABLE_TESTABILITY = YES;
				GCC_C_LANGUAGE_STANDARD = gnu11;
				GCC_DYNAMIC_NO_PIC = NO;
				GCC_NO_COMMON_BLOCKS = YES;
				GCC_OPTIMIZATION_LEVEL = 0;
				GCC_PREPROCESSOR_DEFINITIONS = (
					"DEBUG=1",
					"$(inherited)",
				);
				GCC_WARN_64_TO_32_BIT_CONVERSION = YES;
				GCC_WARN_ABOUT_RETURN_TYPE = YES_ERROR;
				GCC_WARN_UNDECLARED_SELECTOR = YES;
				GCC_WARN_UNINITIALIZED_AUTOS = YES_AGGRESSIVE;
				GCC_WARN_UNUSED_FUNCTION = YES;
				GCC_WARN_UNUSED_VARIABLE = YES;
				IPHONEOS_DEPLOYMENT_TARGET = 15.2;
				MTL_ENABLE_DEBUG_INFO = INCLUDE_SOURCE;
				MTL_FAST_MATH = YES;
				ONLY_ACTIVE_ARCH = YES;
				SDKROOT = iphoneos;
				SWIFT_ACTIVE_COMPILATION_CONDITIONS = DEBUG;
				SWIFT_OPTIMIZATION_LEVEL = "-Onone";
			};
			name = Debug;
		};
		97AB4B3F294263A1003761D9 /* Release */ = {
			isa = XCBuildConfiguration;
			buildSettings = {
				ALWAYS_SEARCH_USER_PATHS = NO;
				CLANG_ANALYZER_LOCALIZABILITY_NONLOCALIZED = YES;
				CLANG_ANALYZER_NONNULL = YES;
				CLANG_ANALYZER_NUMBER_OBJECT_CONVERSION = YES_AGGRESSIVE;
				CLANG_CXX_LANGUAGE_STANDARD = "gnu++17";
				CLANG_CXX_LIBRARY = "libc++";
				CLANG_ENABLE_MODULES = YES;
				CLANG_ENABLE_OBJC_ARC = YES;
				CLANG_ENABLE_OBJC_WEAK = YES;
				CLANG_WARN_BLOCK_CAPTURE_AUTORELEASING = YES;
				CLANG_WARN_BOOL_CONVERSION = YES;
				CLANG_WARN_COMMA = YES;
				CLANG_WARN_CONSTANT_CONVERSION = YES;
				CLANG_WARN_DEPRECATED_OBJC_IMPLEMENTATIONS = YES;
				CLANG_WARN_DIRECT_OBJC_ISA_USAGE = YES_ERROR;
				CLANG_WARN_DOCUMENTATION_COMMENTS = YES;
				CLANG_WARN_EMPTY_BODY = YES;
				CLANG_WARN_ENUM_CONVERSION = YES;
				CLANG_WARN_INFINITE_RECURSION = YES;
				CLANG_WARN_INT_CONVERSION = YES;
				CLANG_WARN_NON_LITERAL_NULL_CONVERSION = YES;
				CLANG_WARN_OBJC_IMPLICIT_RETAIN_SELF = YES;
				CLANG_WARN_OBJC_LITERAL_CONVERSION = YES;
				CLANG_WARN_OBJC_ROOT_CLASS = YES_ERROR;
				CLANG_WARN_QUOTED_INCLUDE_IN_FRAMEWORK_HEADER = YES;
				CLANG_WARN_RANGE_LOOP_ANALYSIS = YES;
				CLANG_WARN_STRICT_PROTOTYPES = YES;
				CLANG_WARN_SUSPICIOUS_MOVE = YES;
				CLANG_WARN_UNGUARDED_AVAILABILITY = YES_AGGRESSIVE;
				CLANG_WARN_UNREACHABLE_CODE = YES;
				CLANG_WARN__DUPLICATE_METHOD_MATCH = YES;
				COPY_PHASE_STRIP = NO;
				DEBUG_INFORMATION_FORMAT = "dwarf-with-dsym";
				ENABLE_NS_ASSERTIONS = NO;
				ENABLE_STRICT_OBJC_MSGSEND = YES;
				GCC_C_LANGUAGE_STANDARD = gnu11;
				GCC_NO_COMMON_BLOCKS = YES;
				GCC_WARN_64_TO_32_BIT_CONVERSION = YES;
				GCC_WARN_ABOUT_RETURN_TYPE = YES_ERROR;
				GCC_WARN_UNDECLARED_SELECTOR = YES;
				GCC_WARN_UNINITIALIZED_AUTOS = YES_AGGRESSIVE;
				GCC_WARN_UNUSED_FUNCTION = YES;
				GCC_WARN_UNUSED_VARIABLE = YES;
				IPHONEOS_DEPLOYMENT_TARGET = 15.2;
				MTL_ENABLE_DEBUG_INFO = NO;
				MTL_FAST_MATH = YES;
				SDKROOT = iphoneos;
				SWIFT_COMPILATION_MODE = wholemodule;
				SWIFT_OPTIMIZATION_LEVEL = "-O";
				VALIDATE_PRODUCT = YES;
			};
			name = Release;
		};
		97AB4B41294263A1003761D9 /* Debug */ = {
			isa = XCBuildConfiguration;
			buildSettings = {
				ALWAYS_EMBED_SWIFT_STANDARD_LIBRARIES = YES;
				ASSETCATALOG_COMPILER_APPICON_NAME = AppIcon;
				ASSETCATALOG_COMPILER_GLOBAL_ACCENT_COLOR_NAME = AccentColor;
				CODE_SIGN_STYLE = Manual;
				CURRENT_PROJECT_VERSION = 1;
				DEVELOPMENT_TEAM = "";
				GENERATE_INFOPLIST_FILE = YES;
				INFOPLIST_FILE = Popcorn/Info.plist;
				INFOPLIST_KEY_UIApplicationSupportsIndirectInputEvents = YES;
				INFOPLIST_KEY_UISupportedInterfaceOrientations_iPad = "UIInterfaceOrientationPortrait UIInterfaceOrientationPortraitUpsideDown UIInterfaceOrientationLandscapeLeft UIInterfaceOrientationLandscapeRight";
				INFOPLIST_KEY_UISupportedInterfaceOrientations_iPhone = "UIInterfaceOrientationPortrait UIInterfaceOrientationLandscapeLeft UIInterfaceOrientationLandscapeRight";
				LD_RUNPATH_SEARCH_PATHS = (
					"$(inherited)",
					"@executable_path/Frameworks",
				);
				MARKETING_VERSION = 1.0;
				PRODUCT_BUNDLE_IDENTIFIER = anne.Popcorn;
				PRODUCT_NAME = "$(TARGET_NAME)";
				PROVISIONING_PROFILE_SPECIFIER = "";
				SWIFT_EMIT_LOC_STRINGS = YES;
				SWIFT_VERSION = 5.0;
				TARGETED_DEVICE_FAMILY = "1,2";
			};
			name = Debug;
		};
		97AB4B42294263A1003761D9 /* Release */ = {
			isa = XCBuildConfiguration;
			buildSettings = {
				ALWAYS_EMBED_SWIFT_STANDARD_LIBRARIES = YES;
				ASSETCATALOG_COMPILER_APPICON_NAME = AppIcon;
				ASSETCATALOG_COMPILER_GLOBAL_ACCENT_COLOR_NAME = AccentColor;
				CODE_SIGN_STYLE = Manual;
				CURRENT_PROJECT_VERSION = 1;
				DEVELOPMENT_TEAM = "";
				GENERATE_INFOPLIST_FILE = YES;
				INFOPLIST_FILE = Popcorn/Info.plist;
				INFOPLIST_KEY_UIApplicationSupportsIndirectInputEvents = YES;
				INFOPLIST_KEY_UISupportedInterfaceOrientations_iPad = "UIInterfaceOrientationPortrait UIInterfaceOrientationPortraitUpsideDown UIInterfaceOrientationLandscapeLeft UIInterfaceOrientationLandscapeRight";
				INFOPLIST_KEY_UISupportedInterfaceOrientations_iPhone = "UIInterfaceOrientationPortrait UIInterfaceOrientationLandscapeLeft UIInterfaceOrientationLandscapeRight";
				LD_RUNPATH_SEARCH_PATHS = (
					"$(inherited)",
					"@executable_path/Frameworks",
				);
				MARKETING_VERSION = 1.0;
				PRODUCT_BUNDLE_IDENTIFIER = anne.Popcorn;
				PRODUCT_NAME = "$(TARGET_NAME)";
				PROVISIONING_PROFILE_SPECIFIER = "";
				SWIFT_EMIT_LOC_STRINGS = YES;
				SWIFT_VERSION = 5.0;
				TARGETED_DEVICE_FAMILY = "1,2";
			};
			name = Release;
		};
		97AB4B512942643C003761D9 /* Debug */ = {
			isa = XCBuildConfiguration;
			buildSettings = {
				CLANG_ENABLE_MODULES = YES;
				CODE_SIGN_STYLE = Manual;
				CURRENT_PROJECT_VERSION = 1;
				DEFINES_MODULE = YES;
				DEVELOPMENT_TEAM = "";
				DYLIB_COMPATIBILITY_VERSION = 1;
				DYLIB_CURRENT_VERSION = 1;
				DYLIB_INSTALL_NAME_BASE = "@rpath";
				GENERATE_INFOPLIST_FILE = YES;
				INFOPLIST_KEY_NSHumanReadableCopyright = "";
				INSTALL_PATH = "$(LOCAL_LIBRARY_DIR)/Frameworks";
				LD_RUNPATH_SEARCH_PATHS = (
					"$(inherited)",
					"@executable_path/Frameworks",
					"@loader_path/Frameworks",
				);
				MARKETING_VERSION = 1.0;
				PRODUCT_BUNDLE_IDENTIFIER = anne.PopcornCore;
				"PRODUCT_BUNDLE_IDENTIFIER[sdk=macosx*]" = "";
				PRODUCT_NAME = "$(TARGET_NAME:c99extidentifier)";
				PROVISIONING_PROFILE_SPECIFIER = "";
				"PROVISIONING_PROFILE_SPECIFIER[sdk=macosx*]" = "";
				SKIP_INSTALL = YES;
				SWIFT_EMIT_LOC_STRINGS = YES;
				SWIFT_OPTIMIZATION_LEVEL = "-Onone";
				SWIFT_VERSION = 5.0;
				TARGETED_DEVICE_FAMILY = "1,2";
				VERSIONING_SYSTEM = "apple-generic";
				VERSION_INFO_PREFIX = "";
			};
			name = Debug;
		};
		97AB4B522942643C003761D9 /* Release */ = {
			isa = XCBuildConfiguration;
			buildSettings = {
				CLANG_ENABLE_MODULES = YES;
				CODE_SIGN_STYLE = Manual;
				CURRENT_PROJECT_VERSION = 1;
				DEFINES_MODULE = YES;
				DEVELOPMENT_TEAM = "";
				DYLIB_COMPATIBILITY_VERSION = 1;
				DYLIB_CURRENT_VERSION = 1;
				DYLIB_INSTALL_NAME_BASE = "@rpath";
				GENERATE_INFOPLIST_FILE = YES;
				INFOPLIST_KEY_NSHumanReadableCopyright = "";
				INSTALL_PATH = "$(LOCAL_LIBRARY_DIR)/Frameworks";
				LD_RUNPATH_SEARCH_PATHS = (
					"$(inherited)",
					"@executable_path/Frameworks",
					"@loader_path/Frameworks",
				);
				MARKETING_VERSION = 1.0;
				PRODUCT_BUNDLE_IDENTIFIER = anne.PopcornCore;
				"PRODUCT_BUNDLE_IDENTIFIER[sdk=macosx*]" = "";
				PRODUCT_NAME = "$(TARGET_NAME:c99extidentifier)";
				PROVISIONING_PROFILE_SPECIFIER = "";
				"PROVISIONING_PROFILE_SPECIFIER[sdk=macosx*]" = "";
				SKIP_INSTALL = YES;
				SWIFT_EMIT_LOC_STRINGS = YES;
				SWIFT_VERSION = 5.0;
				TARGETED_DEVICE_FAMILY = "1,2";
				VERSIONING_SYSTEM = "apple-generic";
				VERSION_INFO_PREFIX = "";
			};
			name = Release;
		};
		97AB4B80294264EE003761D9 /* Debug */ = {
			isa = XCBuildConfiguration;
			buildSettings = {
				ALWAYS_EMBED_SWIFT_STANDARD_LIBRARIES = YES;
				CLANG_ENABLE_MODULES = YES;
				CODE_SIGN_STYLE = Manual;
				CURRENT_PROJECT_VERSION = 1;
				DEVELOPMENT_TEAM = "";
				GENERATE_INFOPLIST_FILE = YES;
				LD_RUNPATH_SEARCH_PATHS = (
					"$(inherited)",
					"@executable_path/Frameworks",
					"@loader_path/Frameworks",
				);
				MARKETING_VERSION = 1.0;
				PRODUCT_BUNDLE_IDENTIFIER = anne.PopcornCoreTests;
				"PRODUCT_BUNDLE_IDENTIFIER[sdk=macosx*]" = "";
				PRODUCT_NAME = "$(TARGET_NAME)";
				PROVISIONING_PROFILE_SPECIFIER = "";
				"PROVISIONING_PROFILE_SPECIFIER[sdk=macosx*]" = "";
				SWIFT_EMIT_LOC_STRINGS = NO;
				SWIFT_OPTIMIZATION_LEVEL = "-Onone";
				SWIFT_VERSION = 5.0;
				TARGETED_DEVICE_FAMILY = "1,2";
			};
			name = Debug;
		};
		97AB4B81294264EE003761D9 /* Release */ = {
			isa = XCBuildConfiguration;
			buildSettings = {
				ALWAYS_EMBED_SWIFT_STANDARD_LIBRARIES = YES;
				CLANG_ENABLE_MODULES = YES;
				CODE_SIGN_STYLE = Manual;
				CURRENT_PROJECT_VERSION = 1;
				DEVELOPMENT_TEAM = "";
				GENERATE_INFOPLIST_FILE = YES;
				LD_RUNPATH_SEARCH_PATHS = (
					"$(inherited)",
					"@executable_path/Frameworks",
					"@loader_path/Frameworks",
				);
				MARKETING_VERSION = 1.0;
				PRODUCT_BUNDLE_IDENTIFIER = anne.PopcornCoreTests;
				"PRODUCT_BUNDLE_IDENTIFIER[sdk=macosx*]" = "";
				PRODUCT_NAME = "$(TARGET_NAME)";
				PROVISIONING_PROFILE_SPECIFIER = "";
				"PROVISIONING_PROFILE_SPECIFIER[sdk=macosx*]" = "";
				SWIFT_EMIT_LOC_STRINGS = NO;
				SWIFT_VERSION = 5.0;
				TARGETED_DEVICE_FAMILY = "1,2";
			};
			name = Release;
		};
		97AB4BFF2947493F003761D9 /* Debug */ = {
			isa = XCBuildConfiguration;
			buildSettings = {
				CODE_SIGN_STYLE = Automatic;
				CURRENT_PROJECT_VERSION = 1;
				DEFINES_MODULE = YES;
				DEVELOPMENT_TEAM = "";
				DYLIB_COMPATIBILITY_VERSION = 1;
				DYLIB_CURRENT_VERSION = 1;
				DYLIB_INSTALL_NAME_BASE = "@rpath";
				GENERATE_INFOPLIST_FILE = YES;
				INFOPLIST_KEY_NSHumanReadableCopyright = "";
				INSTALL_PATH = "$(LOCAL_LIBRARY_DIR)/Frameworks";
				LD_RUNPATH_SEARCH_PATHS = (
					"$(inherited)",
					"@executable_path/Frameworks",
					"@loader_path/Frameworks",
				);
				MARKETING_VERSION = 1.0;
				PRODUCT_BUNDLE_IDENTIFIER = anne.PopcorniOS;
				PRODUCT_NAME = "$(TARGET_NAME:c99extidentifier)";
				SKIP_INSTALL = YES;
				SWIFT_EMIT_LOC_STRINGS = YES;
				SWIFT_VERSION = 5.0;
				TARGETED_DEVICE_FAMILY = "1,2";
				VERSIONING_SYSTEM = "apple-generic";
				VERSION_INFO_PREFIX = "";
			};
			name = Debug;
		};
		97AB4C002947493F003761D9 /* Release */ = {
			isa = XCBuildConfiguration;
			buildSettings = {
				CODE_SIGN_STYLE = Automatic;
				CURRENT_PROJECT_VERSION = 1;
				DEFINES_MODULE = YES;
				DEVELOPMENT_TEAM = "";
				DYLIB_COMPATIBILITY_VERSION = 1;
				DYLIB_CURRENT_VERSION = 1;
				DYLIB_INSTALL_NAME_BASE = "@rpath";
				GENERATE_INFOPLIST_FILE = YES;
				INFOPLIST_KEY_NSHumanReadableCopyright = "";
				INSTALL_PATH = "$(LOCAL_LIBRARY_DIR)/Frameworks";
				LD_RUNPATH_SEARCH_PATHS = (
					"$(inherited)",
					"@executable_path/Frameworks",
					"@loader_path/Frameworks",
				);
				MARKETING_VERSION = 1.0;
				PRODUCT_BUNDLE_IDENTIFIER = anne.PopcorniOS;
				PRODUCT_NAME = "$(TARGET_NAME:c99extidentifier)";
				SKIP_INSTALL = YES;
				SWIFT_EMIT_LOC_STRINGS = YES;
				SWIFT_VERSION = 5.0;
				TARGETED_DEVICE_FAMILY = "1,2";
				VERSIONING_SYSTEM = "apple-generic";
				VERSION_INFO_PREFIX = "";
			};
			name = Release;
		};
		97AB4C022947493F003761D9 /* Debug */ = {
			isa = XCBuildConfiguration;
			buildSettings = {
				ALWAYS_EMBED_SWIFT_STANDARD_LIBRARIES = YES;
				CLANG_ENABLE_MODULES = YES;
				CODE_SIGN_STYLE = Automatic;
				CURRENT_PROJECT_VERSION = 1;
				GENERATE_INFOPLIST_FILE = YES;
				LD_RUNPATH_SEARCH_PATHS = (
					"$(inherited)",
					"@executable_path/Frameworks",
					"@loader_path/Frameworks",
				);
				MARKETING_VERSION = 1.0;
				PRODUCT_BUNDLE_IDENTIFIER = anne.PopcorniOSTests;
				PRODUCT_NAME = "$(TARGET_NAME)";
				SWIFT_EMIT_LOC_STRINGS = NO;
				SWIFT_OPTIMIZATION_LEVEL = "-Onone";
				SWIFT_VERSION = 5.0;
				TARGETED_DEVICE_FAMILY = "1,2";
				TEST_HOST = "$(BUILT_PRODUCTS_DIR)/Popcorn.app/Popcorn";
			};
			name = Debug;
		};
		97AB4C032947493F003761D9 /* Release */ = {
			isa = XCBuildConfiguration;
			buildSettings = {
				ALWAYS_EMBED_SWIFT_STANDARD_LIBRARIES = YES;
				CLANG_ENABLE_MODULES = YES;
				CODE_SIGN_STYLE = Automatic;
				CURRENT_PROJECT_VERSION = 1;
				GENERATE_INFOPLIST_FILE = YES;
				LD_RUNPATH_SEARCH_PATHS = (
					"$(inherited)",
					"@executable_path/Frameworks",
					"@loader_path/Frameworks",
				);
				MARKETING_VERSION = 1.0;
				PRODUCT_BUNDLE_IDENTIFIER = anne.PopcorniOSTests;
				PRODUCT_NAME = "$(TARGET_NAME)";
				SWIFT_EMIT_LOC_STRINGS = NO;
				SWIFT_VERSION = 5.0;
				TARGETED_DEVICE_FAMILY = "1,2";
				TEST_HOST = "$(BUILT_PRODUCTS_DIR)/Popcorn.app/Popcorn";
			};
			name = Release;
		};
/* End XCBuildConfiguration section */

/* Begin XCConfigurationList section */
		97AB4B272942639F003761D9 /* Build configuration list for PBXProject "Popcorn" */ = {
			isa = XCConfigurationList;
			buildConfigurations = (
				97AB4B3E294263A1003761D9 /* Debug */,
				97AB4B3F294263A1003761D9 /* Release */,
			);
			defaultConfigurationIsVisible = 0;
			defaultConfigurationName = Release;
		};
		97AB4B40294263A1003761D9 /* Build configuration list for PBXNativeTarget "Popcorn" */ = {
			isa = XCConfigurationList;
			buildConfigurations = (
				97AB4B41294263A1003761D9 /* Debug */,
				97AB4B42294263A1003761D9 /* Release */,
			);
			defaultConfigurationIsVisible = 0;
			defaultConfigurationName = Release;
		};
		97AB4B502942643C003761D9 /* Build configuration list for PBXNativeTarget "PopcornCore" */ = {
			isa = XCConfigurationList;
			buildConfigurations = (
				97AB4B512942643C003761D9 /* Debug */,
				97AB4B522942643C003761D9 /* Release */,
			);
			defaultConfigurationIsVisible = 0;
			defaultConfigurationName = Release;
		};
		97AB4B7F294264EE003761D9 /* Build configuration list for PBXNativeTarget "PopcornCoreTests" */ = {
			isa = XCConfigurationList;
			buildConfigurations = (
				97AB4B80294264EE003761D9 /* Debug */,
				97AB4B81294264EE003761D9 /* Release */,
			);
			defaultConfigurationIsVisible = 0;
			defaultConfigurationName = Release;
		};
		97AB4BFE2947493F003761D9 /* Build configuration list for PBXNativeTarget "PopcorniOS" */ = {
			isa = XCConfigurationList;
			buildConfigurations = (
				97AB4BFF2947493F003761D9 /* Debug */,
				97AB4C002947493F003761D9 /* Release */,
			);
			defaultConfigurationIsVisible = 0;
			defaultConfigurationName = Release;
		};
		97AB4C012947493F003761D9 /* Build configuration list for PBXNativeTarget "PopcorniOSTests" */ = {
			isa = XCConfigurationList;
			buildConfigurations = (
				97AB4C022947493F003761D9 /* Debug */,
				97AB4C032947493F003761D9 /* Release */,
			);
			defaultConfigurationIsVisible = 0;
			defaultConfigurationName = Release;
		};
/* End XCConfigurationList section */

/* Begin XCVersionGroup section */
		6BB28400295E1F5D009E1556 /* ShowsStore.xcdatamodeld */ = {
			isa = XCVersionGroup;
			children = (
				6BB28401295E1F5D009E1556 /* ShowsStore.xcdatamodel */,
			);
			currentVersion = 6BB28401295E1F5D009E1556 /* ShowsStore.xcdatamodel */;
			path = ShowsStore.xcdatamodeld;
			sourceTree = "<group>";
			versionGroupType = wrapper.xcdatamodel;
		};
/* End XCVersionGroup section */
	};
	rootObject = 97AB4B242942639F003761D9 /* Project object */;
}
